Microsoft Visual Studio Solution File, Format Version 12.00
# Visual Studio Version 17
VisualStudioVersion = 17.5.2.0
MinimumVisualStudioVersion = 10.0.40219.1
Project("{FAE04EC0-301F-11D3-BF4B-00C04F79EFBC}") = "Radio357Player", "Radio357Player.csproj", "{F9CC92D3-C85E-0881-0C71-9840878AC2BB}"
EndProject
Global
	GlobalSection(SolutionConfigurationPlatforms) = preSolution
		Debug|Any CPU = Debug|Any CPU
		Release|Any CPU = Release|Any CPU
	EndGlobalSection
	GlobalSection(ProjectConfigurationPlatforms) = postSolution
		{F9CC92D3-C85E-0881-0C71-9840878AC2BB}.Debug|Any CPU.ActiveCfg = Debug|Any CPU
		{F9CC92D3-C85E-0881-0C71-9840878AC2BB}.Debug|Any CPU.Build.0 = Debug|Any CPU
		{F9CC92D3-C85E-0881-0C71-9840878AC2BB}.Release|Any CPU.ActiveCfg = Release|Any CPU
		{F9CC92D3-C85E-0881-0C71-9840878AC2BB}.Release|Any CPU.Build.0 = Release|Any CPU
	EndGlobalSection
	GlobalSection(SolutionProperties) = preSolution
		HideSolutionNode = FALSE
	EndGlobalSection
	GlobalSection(ExtensibilityGlobals) = postSolution
		SolutionGuid = {CC9D25B1-7309-4711-A129-3FF3C8F82A79}
	EndGlobalSection
EndGlobal
